
Microsoft Visual Studio Solution File, Format Version 12.00
# Visual Studio Version 17
VisualStudioVersion = 17.5.33530.505
MinimumVisualStudioVersion = 10.0.40219.1
Project("{FAE04EC0-301F-11D3-BF4B-00C04F79EFBC}") = "ejercicio 9.1", "ejercicio 9.1\ejercicio 9.1.csproj", "{F94730F5-24D1-42DA-90B1-FDAE5A7C9DF0}"
EndProject
Global
	GlobalSection(SolutionConfigurationPlatforms) = preSolution
		Debug|Any CPU = Debug|Any CPU
		Release|Any CPU = Release|Any CPU
	EndGlobalSection
	GlobalSection(ProjectConfigurationPlatforms) = postSolution
		{F94730F5-24D1-42DA-90B1-FDAE5A7C9DF0}.Debug|Any CPU.ActiveCfg = Debug|Any CPU
		{F94730F5-24D1-42DA-90B1-FDAE5A7C9DF0}.Debug|Any CPU.Build.0 = Debug|Any CPU
		{F94730F5-24D1-42DA-90B1-FDAE5A7C9DF0}.Release|Any CPU.ActiveCfg = Release|Any CPU
		{F94730F5-24D1-42DA-90B1-FDAE5A7C9DF0}.Release|Any CPU.Build.0 = Release|Any CPU
	EndGlobalSection
	GlobalSection(SolutionProperties) = preSolution
		HideSolutionNode = FALSE
	EndGlobalSection
	GlobalSection(ExtensibilityGlobals) = postSolution
		SolutionGuid = {3C7C06DF-9BFC-4064-892E-3CB936B323EC}
	EndGlobalSection
EndGlobal
